
Microsoft Visual Studio Solution File, Format Version 12.00
# Visual Studio Version 16
VisualStudioVersion = 25.0.1706.5
MinimumVisualStudioVersion = 10.0.40219.1
Project("{FAE04EC0-301F-11D3-BF4B-00C04F79EFBC}") = "PizzaCodeTest", "PizzaCodeTest\PizzaCodeTest.csproj", "{4F50F8F5-3BC1-4B1E-A665-0FBD43907035}"
EndProject
Global
	GlobalSection(SolutionConfigurationPlatforms) = preSolution
		Debug|Any CPU = Debug|Any CPU
		Release|Any CPU = Release|Any CPU
	EndGlobalSection
	GlobalSection(ProjectConfigurationPlatforms) = postSolution
		{4F50F8F5-3BC1-4B1E-A665-0FBD43907035}.Debug|Any CPU.ActiveCfg = Debug|Any CPU
		{4F50F8F5-3BC1-4B1E-A665-0FBD43907035}.Debug|Any CPU.Build.0 = Debug|Any CPU
		{4F50F8F5-3BC1-4B1E-A665-0FBD43907035}.Release|Any CPU.ActiveCfg = Release|Any CPU
		{4F50F8F5-3BC1-4B1E-A665-0FBD43907035}.Release|Any CPU.Build.0 = Release|Any CPU
	EndGlobalSection
	GlobalSection(SolutionProperties) = preSolution
		HideSolutionNode = FALSE
	EndGlobalSection
	GlobalSection(ExtensibilityGlobals) = postSolution
		SolutionGuid = {54904DE8-BD7E-41CE-84CD-7F81FF8133CC}
	EndGlobalSection
EndGlobal
